
Microsoft Visual Studio Solution File, Format Version 12.00
# Visual Studio Version 17
VisualStudioVersion = 17.13.35828.75 d17.13
MinimumVisualStudioVersion = 10.0.40219.1
Project("{888888A0-9F3D-457C-B088-3A5042F75D52}") = "tsukkel", "tsukkel.pyproj", "{CC0EE5CC-EE59-4561-9632-B4C8E869284D}"
EndProject
Global
	GlobalSection(SolutionConfigurationPlatforms) = preSolution
		Debug|Any CPU = Debug|Any CPU
		Release|Any CPU = Release|Any CPU
	EndGlobalSection
	GlobalSection(ProjectConfigurationPlatforms) = postSolution
		{CC0EE5CC-EE59-4561-9632-B4C8E869284D}.Debug|Any CPU.ActiveCfg = Debug|Any CPU
		{CC0EE5CC-EE59-4561-9632-B4C8E869284D}.Release|Any CPU.ActiveCfg = Release|Any CPU
	EndGlobalSection
	GlobalSection(SolutionProperties) = preSolution
		HideSolutionNode = FALSE
	EndGlobalSection
	GlobalSection(ExtensibilityGlobals) = postSolution
		SolutionGuid = {BB368979-7EEB-4D47-A28C-5DF4B24D74E8}
	EndGlobalSection
EndGlobal
